// !$*UTF8*$!
{
	archiveVersion = 1;
	classes = {
	};
	objectVersion = 50;
	objects = {

/* Begin PBXBuildFile section */
		EB174C4A214F3AF900F44593 /* AnimalsTableViewController.swift in Sources */ = {isa = PBXBuildFile; fileRef = EB174C49214F3AF900F44593 /* AnimalsTableViewController.swift */; };
		EB933DF6214BFD6900E68864 /* AppDelegate.swift in Sources */ = {isa = PBXBuildFile; fileRef = EB933DF5214BFD6900E68864 /* AppDelegate.swift */; };
		EB933DF8214BFD6900E68864 /* ViewController.swift in Sources */ = {isa = PBXBuildFile; fileRef = EB933DF7214BFD6900E68864 /* ViewController.swift */; };
		EB933DFB214BFD6900E68864 /* Main.storyboard in Resources */ = {isa = PBXBuildFile; fileRef = EB933DF9214BFD6900E68864 /* Main.storyboard */; };
		EB933DFD214BFD6A00E68864 /* Assets.xcassets in Resources */ = {isa = PBXBuildFile; fileRef = EB933DFC214BFD6A00E68864 /* Assets.xcassets */; };
		EB933E00214BFD6A00E68864 /* LaunchScreen.storyboard in Resources */ = {isa = PBXBuildFile; fileRef = EB933DFE214BFD6A00E68864 /* LaunchScreen.storyboard */; };
		EB933E08214BFECB00E68864 /* AnimalClass.swift in Sources */ = {isa = PBXBuildFile; fileRef = EB933E07214BFECB00E68864 /* AnimalClass.swift */; };
		EB933E0A214C006900E68864 /* BabyAnimalClass.swift in Sources */ = {isa = PBXBuildFile; fileRef = EB933E09214C006900E68864 /* BabyAnimalClass.swift */; };
		EB933E0C214C129B00E68864 /* PenStruct.swift in Sources */ = {isa = PBXBuildFile; fileRef = EB933E0B214C129B00E68864 /* PenStruct.swift */; };
		EB933E0E214C13F000E68864 /* BiomeStruct.swift in Sources */ = {isa = PBXBuildFile; fileRef = EB933E0D214C13F000E68864 /* BiomeStruct.swift */; };
		EB933E10214C14B800E68864 /* HabitatStruct.swift in Sources */ = {isa = PBXBuildFile; fileRef = EB933E0F214C14B800E68864 /* HabitatStruct.swift */; };
		EBF57537214C1F8100FA3301 /* HabitatTableViewController.swift in Sources */ = {isa = PBXBuildFile; fileRef = EBF57536214C1F8100FA3301 /* HabitatTableViewController.swift */; };
		EBF57539214C29FC00FA3301 /* PensTableViewController.swift in Sources */ = {isa = PBXBuildFile; fileRef = EBF57538214C29FC00FA3301 /* PensTableViewController.swift */; };
/* End PBXBuildFile section */

/* Begin PBXFileReference section */
		EB174C49214F3AF900F44593 /* AnimalsTableViewController.swift */ = {isa = PBXFileReference; lastKnownFileType = sourcecode.swift; path = AnimalsTableViewController.swift; sourceTree = "<group>"; };
		EB933DF2214BFD6900E68864 /* ZooApp.app */ = {isa = PBXFileReference; explicitFileType = wrapper.application; includeInIndex = 0; path = ZooApp.app; sourceTree = BUILT_PRODUCTS_DIR; };
		EB933DF5214BFD6900E68864 /* AppDelegate.swift */ = {isa = PBXFileReference; lastKnownFileType = sourcecode.swift; path = AppDelegate.swift; sourceTree = "<group>"; };
		EB933DF7214BFD6900E68864 /* ViewController.swift */ = {isa = PBXFileReference; lastKnownFileType = sourcecode.swift; path = ViewController.swift; sourceTree = "<group>"; };
		EB933DFA214BFD6900E68864 /* Base */ = {isa = PBXFileReference; lastKnownFileType = file.storyboard; name = Base; path = Base.lproj/Main.storyboard; sourceTree = "<group>"; };
		EB933DFC214BFD6A00E68864 /* Assets.xcassets */ = {isa = PBXFileReference; lastKnownFileType = folder.assetcatalog; path = Assets.xcassets; sourceTree = "<group>"; };
		EB933DFF214BFD6A00E68864 /* Base */ = {isa = PBXFileReference; lastKnownFileType = file.storyboard; name = Base; path = Base.lproj/LaunchScreen.storyboard; sourceTree = "<group>"; };
		EB933E01214BFD6A00E68864 /* Info.plist */ = {isa = PBXFileReference; lastKnownFileType = text.plist.xml; path = Info.plist; sourceTree = "<group>"; };
		EB933E07214BFECB00E68864 /* AnimalClass.swift */ = {isa = PBXFileReference; lastKnownFileType = sourcecode.swift; path = AnimalClass.swift; sourceTree = "<group>"; };
		EB933E09214C006900E68864 /* BabyAnimalClass.swift */ = {isa = PBXFileReference; lastKnownFileType = sourcecode.swift; path = BabyAnimalClass.swift; sourceTree = "<group>"; };
		EB933E0B214C129B00E68864 /* PenStruct.swift */ = {isa = PBXFileReference; lastKnownFileType = sourcecode.swift; path = PenStruct.swift; sourceTree = "<group>"; };
		EB933E0D214C13F000E68864 /* BiomeStruct.swift */ = {isa = PBXFileReference; lastKnownFileType = sourcecode.swift; path = BiomeStruct.swift; sourceTree = "<group>"; };
		EB933E0F214C14B800E68864 /* HabitatStruct.swift */ = {isa = PBXFileReference; lastKnownFileType = sourcecode.swift; path = HabitatStruct.swift; sourceTree = "<group>"; };
		EBF57536214C1F8100FA3301 /* HabitatTableViewController.swift */ = {isa = PBXFileReference; lastKnownFileType = sourcecode.swift; path = HabitatTableViewController.swift; sourceTree = "<group>"; };
		EBF57538214C29FC00FA3301 /* PensTableViewController.swift */ = {isa = PBXFileReference; lastKnownFileType = sourcecode.swift; path = PensTableViewController.swift; sourceTree = "<group>"; };
/* End PBXFileReference section */

/* Begin PBXFrameworksBuildPhase section */
		EB933DEF214BFD6900E68864 /* Frameworks */ = {
			isa = PBXFrameworksBuildPhase;
			buildActionMask = 2147483647;
			files = (
			);
			runOnlyForDeploymentPostprocessing = 0;
		};
/* End PBXFrameworksBuildPhase section */

/* Begin PBXGroup section */
		EB174C4B214F3B3600F44593 /* Controller */ = {
			isa = PBXGroup;
			children = (
				EBF57536214C1F8100FA3301 /* HabitatTableViewController.swift */,
				EBF57538214C29FC00FA3301 /* PensTableViewController.swift */,
				EB174C49214F3AF900F44593 /* AnimalsTableViewController.swift */,
			);
			name = Controller;
			sourceTree = "<group>";
		};
		EB174C4C214F3B6200F44593 /* Model */ = {
			isa = PBXGroup;
			children = (
				EB933E0D214C13F000E68864 /* BiomeStruct.swift */,
				EB933E0B214C129B00E68864 /* PenStruct.swift */,
				EB933E09214C006900E68864 /* BabyAnimalClass.swift */,
				EB933E07214BFECB00E68864 /* AnimalClass.swift */,
				EB933E0F214C14B800E68864 /* HabitatStruct.swift */,
			);
			path = Model;
			sourceTree = "<group>";
		};
		EB933DE9214BFD6900E68864 = {
			isa = PBXGroup;
			children = (
				EB933DF4214BFD6900E68864 /* ZooApp */,
				EB933DF3214BFD6900E68864 /* Products */,
			);
			sourceTree = "<group>";
		};
		EB933DF3214BFD6900E68864 /* Products */ = {
			isa = PBXGroup;
			children = (
				EB933DF2214BFD6900E68864 /* ZooApp.app */,
			);
			name = Products;
			sourceTree = "<group>";
		};
		EB933DF4214BFD6900E68864 /* ZooApp */ = {
			isa = PBXGroup;
			children = (
				EB933DF5214BFD6900E68864 /* AppDelegate.swift */,
				EB933DF7214BFD6900E68864 /* ViewController.swift */,
				EB933DF9214BFD6900E68864 /* Main.storyboard */,
				EB174C4B214F3B3600F44593 /* Controller */,
				EB174C4C214F3B6200F44593 /* Model */,
				EB933DFC214BFD6A00E68864 /* Assets.xcassets */,
				EB933DFE214BFD6A00E68864 /* LaunchScreen.storyboard */,
				EB933E01214BFD6A00E68864 /* Info.plist */,
			);
			path = ZooApp;
			sourceTree = "<group>";
		};
/* End PBXGroup section */

/* Begin PBXNativeTarget section */
		EB933DF1214BFD6900E68864 /* ZooApp */ = {
			isa = PBXNativeTarget;
			buildConfigurationList = EB933E04214BFD6A00E68864 /* Build configuration list for PBXNativeTarget "ZooApp" */;
			buildPhases = (
				EB933DEE214BFD6900E68864 /* Sources */,
				EB933DEF214BFD6900E68864 /* Frameworks */,
				EB933DF0214BFD6900E68864 /* Resources */,
			);
			buildRules = (
			);
			dependencies = (
			);
			name = ZooApp;
			productName = ZooApp;
			productReference = EB933DF2214BFD6900E68864 /* ZooApp.app */;
			productType = "com.apple.product-type.application";
		};
/* End PBXNativeTarget section */

/* Begin PBXProject section */
		EB933DEA214BFD6900E68864 /* Project object */ = {
			isa = PBXProject;
			attributes = {
				LastSwiftUpdateCheck = 0940;
				LastUpgradeCheck = 0940;
				ORGANIZATIONNAME = "Kendall Poindexter";
				TargetAttributes = {
					EB933DF1214BFD6900E68864 = {
						CreatedOnToolsVersion = 9.4.1;
					};
				};
			};
			buildConfigurationList = EB933DED214BFD6900E68864 /* Build configuration list for PBXProject "ZooApp" */;
			compatibilityVersion = "Xcode 9.3";
			developmentRegion = en;
			hasScannedForEncodings = 0;
			knownRegions = (
				en,
				Base,
			);
			mainGroup = EB933DE9214BFD6900E68864;
			productRefGroup = EB933DF3214BFD6900E68864 /* Products */;
			projectDirPath = "";
			projectRoot = "";
			targets = (
				EB933DF1214BFD6900E68864 /* ZooApp */,
			);
		};
/* End PBXProject section */

/* Begin PBXResourcesBuildPhase section */
		EB933DF0214BFD6900E68864 /* Resources */ = {
			isa = PBXResourcesBuildPhase;
			buildActionMask = 2147483647;
			files = (
				EB933E00214BFD6A00E68864 /* LaunchScreen.storyboard in Resources */,
				EB933DFD214BFD6A00E68864 /* Assets.xcassets in Resources */,
				EB933DFB214BFD6900E68864 /* Main.storyboard in Resources */,
			);
			runOnlyForDeploymentPostprocessing = 0;
		};
/* End PBXResourcesBuildPhase section */

/* Begin PBXSourcesBuildPhase section */
		EB933DEE214BFD6900E68864 /* Sources */ = {
			isa = PBXSourcesBuildPhase;
			buildActionMask = 2147483647;
			files = (
				EB933DF8214BFD6900E68864 /* ViewController.swift in Sources */,
				EB933E08214BFECB00E68864 /* AnimalClass.swift in Sources */,
				EB933E0A214C006900E68864 /* BabyAnimalClass.swift in Sources */,
				EBF57539214C29FC00FA3301 /* PensTableViewController.swift in Sources */,
				EB933DF6214BFD6900E68864 /* AppDelegate.swift in Sources */,
				EB933E0C214C129B00E68864 /* PenStruct.swift in Sources */,
				EB174C4A214F3AF900F44593 /* AnimalsTableViewController.swift in Sources */,
				EB933E10214C14B800E68864 /* HabitatStruct.swift in Sources */,
				EBF57537214C1F8100FA3301 /* HabitatTableViewController.swift in Sources */,
				EB933E0E214C13F000E68864 /* BiomeStruct.swift in Sources */,
			);
			runOnlyForDeploymentPostprocessing = 0;
		};
/* End PBXSourcesBuildPhase section */

/* Begin PBXVariantGroup section */
		EB933DF9214BFD6900E68864 /* Main.storyboard */ = {
			isa = PBXVariantGroup;
			children = (
				EB933DFA214BFD6900E68864 /* Base */,
			);
			name = Main.storyboard;
			sourceTree = "<group>";
		};
		EB933DFE214BFD6A00E68864 /* LaunchScreen.storyboard */ = {
			isa = PBXVariantGroup;
			children = (
				EB933DFF214BFD6A00E68864 /* Base */,
			);
			name = LaunchScreen.storyboard;
			sourceTree = "<group>";
		};
/* End PBXVariantGroup section */

/* Begin XCBuildConfiguration section */
		EB933E02214BFD6A00E68864 /* Debug */ = {
			isa = XCBuildConfiguration;
			buildSettings = {
				ALWAYS_SEARCH_USER_PATHS = NO;
				CLANG_ANALYZER_NONNULL = YES;
				CLANG_ANALYZER_NUMBER_OBJECT_CONVERSION = YES_AGGRESSIVE;
				CLANG_CXX_LANGUAGE_STANDARD = "gnu++14";
				CLANG_CXX_LIBRARY = "libc++";
				CLANG_ENABLE_MODULES = YES;
				CLANG_ENABLE_OBJC_ARC = YES;
				CLANG_ENABLE_OBJC_WEAK = YES;
				CLANG_WARN_BLOCK_CAPTURE_AUTORELEASING = YES;
				CLANG_WARN_BOOL_CONVERSION = YES;
				CLANG_WARN_COMMA = YES;
				CLANG_WARN_CONSTANT_CONVERSION = YES;
				CLANG_WARN_DEPRECATED_OBJC_IMPLEMENTATIONS = YES;
				CLANG_WARN_DIRECT_OBJC_ISA_USAGE = YES_ERROR;
				CLANG_WARN_DOCUMENTATION_COMMENTS = YES;
				CLANG_WARN_EMPTY_BODY = YES;
				CLANG_WARN_ENUM_CONVERSION = YES;
				CLANG_WARN_INFINITE_RECURSION = YES;
				CLANG_WARN_INT_CONVERSION = YES;
				CLANG_WARN_NON_LITERAL_NULL_CONVERSION = YES;
				CLANG_WARN_OBJC_IMPLICIT_RETAIN_SELF = YES;
				CLANG_WARN_OBJC_LITERAL_CONVERSION = YES;
				CLANG_WARN_OBJC_ROOT_CLASS = YES_ERROR;
				CLANG_WARN_RANGE_LOOP_ANALYSIS = YES;
				CLANG_WARN_STRICT_PROTOTYPES = YES;
				CLANG_WARN_SUSPICIOUS_MOVE = YES;
				CLANG_WARN_UNGUARDED_AVAILABILITY = YES_AGGRESSIVE;
				CLANG_WARN_UNREACHABLE_CODE = YES;
				CLANG_WARN__DUPLICATE_METHOD_MATCH = YES;
				CODE_SIGN_IDENTITY = "iPhone Developer";
				COPY_PHASE_STRIP = NO;
				DEBUG_INFORMATION_FORMAT = dwarf;
				ENABLE_STRICT_OBJC_MSGSEND = YES;
				ENABLE_TESTABILITY = YES;
				GCC_C_LANGUAGE_STANDARD = gnu11;
				GCC_DYNAMIC_NO_PIC = NO;
				GCC_NO_COMMON_BLOCKS = YES;
				GCC_OPTIMIZATION_LEVEL = 0;
				GCC_PREPROCESSOR_DEFINITIONS = (
					"DEBUG=1",
					"$(inherited)",
				);
				GCC_WARN_64_TO_32_BIT_CONVERSION = YES;
				GCC_WARN_ABOUT_RETURN_TYPE = YES_ERROR;
				GCC_WARN_UNDECLARED_SELECTOR = YES;
				GCC_WARN_UNINITIALIZED_AUTOS = YES_AGGRESSIVE;
				GCC_WARN_UNUSED_FUNCTION = YES;
				GCC_WARN_UNUSED_VARIABLE = YES;
				IPHONEOS_DEPLOYMENT_TARGET = 11.4;
				MTL_ENABLE_DEBUG_INFO = YES;
				ONLY_ACTIVE_ARCH = YES;
				SDKROOT = iphoneos;
				SWIFT_ACTIVE_COMPILATION_CONDITIONS = DEBUG;
				SWIFT_OPTIMIZATION_LEVEL = "-Onone";
			};
			name = Debug;
		};
		EB933E03214BFD6A00E68864 /* Release */ = {
			isa = XCBuildConfiguration;
			buildSettings = {
				ALWAYS_SEARCH_USER_PATHS = NO;
				CLANG_ANALYZER_NONNULL = YES;
				CLANG_ANALYZER_NUMBER_OBJECT_CONVERSION = YES_AGGRESSIVE;
				CLANG_CXX_LANGUAGE_STANDARD = "gnu++14";
				CLANG_CXX_LIBRARY = "libc++";
				CLANG_ENABLE_MODULES = YES;
				CLANG_ENABLE_OBJC_ARC = YES;
				CLANG_ENABLE_OBJC_WEAK = YES;
				CLANG_WARN_BLOCK_CAPTURE_AUTORELEASING = YES;
				CLANG_WARN_BOOL_CONVERSION = YES;
				CLANG_WARN_COMMA = YES;
				CLANG_WARN_CONSTANT_CONVERSION = YES;
				CLANG_WARN_DEPRECATED_OBJC_IMPLEMENTATIONS = YES;
				CLANG_WARN_DIRECT_OBJC_ISA_USAGE = YES_ERROR;
				CLANG_WARN_DOCUMENTATION_COMMENTS = YES;
				CLANG_WARN_EMPTY_BODY = YES;
				CLANG_WARN_ENUM_CONVERSION = YES;
				CLANG_WARN_INFINITE_RECURSION = YES;
				CLANG_WARN_INT_CONVERSION = YES;
				CLANG_WARN_NON_LITERAL_NULL_CONVERSION = YES;
				CLANG_WARN_OBJC_IMPLICIT_RETAIN_SELF = YES;
				CLANG_WARN_OBJC_LITERAL_CONVERSION = YES;
				CLANG_WARN_OBJC_ROOT_CLASS = YES_ERROR;
				CLANG_WARN_RANGE_LOOP_ANALYSIS = YES;
				CLANG_WARN_STRICT_PROTOTYPES = YES;
				CLANG_WARN_SUSPICIOUS_MOVE = YES;
				CLANG_WARN_UNGUARDED_AVAILABILITY = YES_AGGRESSIVE;
				CLANG_WARN_UNREACHABLE_CODE = YES;
				CLANG_WARN__DUPLICATE_METHOD_MATCH = YES;
				CODE_SIGN_IDENTITY = "iPhone Developer";
				COPY_PHASE_STRIP = NO;
				DEBUG_INFORMATION_FORMAT = "dwarf-with-dsym";
				ENABLE_NS_ASSERTIONS = NO;
				ENABLE_STRICT_OBJC_MSGSEND = YES;
				GCC_C_LANGUAGE_STANDARD = gnu11;
				GCC_NO_COMMON_BLOCKS = YES;
				GCC_WARN_64_TO_32_BIT_CONVERSION = YES;
				GCC_WARN_ABOUT_RETURN_TYPE = YES_ERROR;
				GCC_WARN_UNDECLARED_SELECTOR = YES;
				GCC_WARN_UNINITIALIZED_AUTOS = YES_AGGRESSIVE;
				GCC_WARN_UNUSED_FUNCTION = YES;
				GCC_WARN_UNUSED_VARIABLE = YES;
				IPHONEOS_DEPLOYMENT_TARGET = 11.4;
				MTL_ENABLE_DEBUG_INFO = NO;
				SDKROOT = iphoneos;
				SWIFT_COMPILATION_MODE = wholemodule;
				SWIFT_OPTIMIZATION_LEVEL = "-O";
				VALIDATE_PRODUCT = YES;
			};
			name = Release;
		};
		EB933E05214BFD6A00E68864 /* Debug */ = {
			isa = XCBuildConfiguration;
			buildSettings = {
				ASSETCATALOG_COMPILER_APPICON_NAME = AppIcon;
				CODE_SIGN_STYLE = Automatic;
				INFOPLIST_FILE = ZooApp/Info.plist;
				LD_RUNPATH_SEARCH_PATHS = (
					"$(inherited)",
					"@executable_path/Frameworks",
				);
				PRODUCT_BUNDLE_IDENTIFIER = com.detroitlabs.ZooApp;
				PRODUCT_NAME = "$(TARGET_NAME)";
				SWIFT_VERSION = 4.0;
				TARGETED_DEVICE_FAMILY = "1,2";
			};
			name = Debug;
		};
		EB933E06214BFD6A00E68864 /* Release */ = {
			isa = XCBuildConfiguration;
			buildSettings = {
				ASSETCATALOG_COMPILER_APPICON_NAME = AppIcon;
				CODE_SIGN_STYLE = Automatic;
				INFOPLIST_FILE = ZooApp/Info.plist;
				LD_RUNPATH_SEARCH_PATHS = (
					"$(inherited)",
					"@executable_path/Frameworks",
				);
				PRODUCT_BUNDLE_IDENTIFIER = com.detroitlabs.ZooApp;
				PRODUCT_NAME = "$(TARGET_NAME)";
				SWIFT_VERSION = 4.0;
				TARGETED_DEVICE_FAMILY = "1,2";
			};
			name = Release;
		};
/* End XCBuildConfiguration section */

/* Begin XCConfigurationList section */
		EB933DED214BFD6900E68864 /* Build configuration list for PBXProject "ZooApp" */ = {
			isa = XCConfigurationList;
			buildConfigurations = (
				EB933E02214BFD6A00E68864 /* Debug */,
				EB933E03214BFD6A00E68864 /* Release */,
			);
			defaultConfigurationIsVisible = 0;
			defaultConfigurationName = Release;
		};
		EB933E04214BFD6A00E68864 /* Build configuration list for PBXNativeTarget "ZooApp" */ = {
			isa = XCConfigurationList;
			buildConfigurations = (
				EB933E05214BFD6A00E68864 /* Debug */,
				EB933E06214BFD6A00E68864 /* Release */,
			);
			defaultConfigurationIsVisible = 0;
			defaultConfigurationName = Release;
		};
/* End XCConfigurationList section */
	};
	rootObject = EB933DEA214BFD6900E68864 /* Project object */;
}
